
Microsoft Visual Studio Solution File, Format Version 12.00
# Visual Studio 15
VisualStudioVersion = 15.0.27703.2035
MinimumVisualStudioVersion = 10.0.40219.1
Project("{FAE04EC0-301F-11D3-BF4B-00C04F79EFBC}") = "NumberGuesser", "NumberGuesser\NumberGuesser.csproj", "{71EC2A3F-4B75-46AC-BB05-3D43A7D3C654}"
EndProject
Global
	GlobalSection(SolutionConfigurationPlatforms) = preSolution
		Debug|Any CPU = Debug|Any CPU
		Release|Any CPU = Release|Any CPU
	EndGlobalSection
	GlobalSection(ProjectConfigurationPlatforms) = postSolution
		{71EC2A3F-4B75-46AC-BB05-3D43A7D3C654}.Debug|Any CPU.ActiveCfg = Debug|Any CPU
		{71EC2A3F-4B75-46AC-BB05-3D43A7D3C654}.Debug|Any CPU.Build.0 = Debug|Any CPU
		{71EC2A3F-4B75-46AC-BB05-3D43A7D3C654}.Release|Any CPU.ActiveCfg = Release|Any CPU
		{71EC2A3F-4B75-46AC-BB05-3D43A7D3C654}.Release|Any CPU.Build.0 = Release|Any CPU
	EndGlobalSection
	GlobalSection(SolutionProperties) = preSolution
		HideSolutionNode = FALSE
	EndGlobalSection
	GlobalSection(ExtensibilityGlobals) = postSolution
		SolutionGuid = {38EF3E95-F355-48E1-9150-C0A23B076689}
	EndGlobalSection
EndGlobal
